
Microsoft Visual Studio Solution File, Format Version 12.00
# Visual Studio Version 16
VisualStudioVersion = 16.0.31729.503
MinimumVisualStudioVersion = 10.0.40219.1
Project("{FAE04EC0-301F-11D3-BF4B-00C04F79EFBC}") = "Gestione_Pizzeria", "Gestione_Pizzeria\Gestione_Pizzeria.csproj", "{0D7149B3-86A5-408A-9147-9AD26A9511F1}"
EndProject
Global
	GlobalSection(SolutionConfigurationPlatforms) = preSolution
		Debug|Any CPU = Debug|Any CPU
		Release|Any CPU = Release|Any CPU
	EndGlobalSection
	GlobalSection(ProjectConfigurationPlatforms) = postSolution
		{0D7149B3-86A5-408A-9147-9AD26A9511F1}.Debug|Any CPU.ActiveCfg = Debug|Any CPU
		{0D7149B3-86A5-408A-9147-9AD26A9511F1}.Debug|Any CPU.Build.0 = Debug|Any CPU
		{0D7149B3-86A5-408A-9147-9AD26A9511F1}.Release|Any CPU.ActiveCfg = Release|Any CPU
		{0D7149B3-86A5-408A-9147-9AD26A9511F1}.Release|Any CPU.Build.0 = Release|Any CPU
	EndGlobalSection
	GlobalSection(SolutionProperties) = preSolution
		HideSolutionNode = FALSE
	EndGlobalSection
	GlobalSection(ExtensibilityGlobals) = postSolution
		SolutionGuid = {2E2D883C-776A-4E92-A67F-8A7C69ACB8F8}
	EndGlobalSection
EndGlobal
